
Microsoft Visual Studio Solution File, Format Version 12.00
# Visual Studio Version 16
VisualStudioVersion = 16.0.30406.217
MinimumVisualStudioVersion = 10.0.40219.1
Project("{888888A0-9F3D-457C-B088-3A5042F75D52}") = "DemoClawVNDIRECT", "DemoClawVNDIRECT\DemoClawVNDIRECT.pyproj", "{44ACAD20-1D59-4746-A099-1B7C227D79E5}"
EndProject
Global
	GlobalSection(SolutionConfigurationPlatforms) = preSolution
		Debug|Any CPU = Debug|Any CPU
		Release|Any CPU = Release|Any CPU
	EndGlobalSection
	GlobalSection(ProjectConfigurationPlatforms) = postSolution
		{44ACAD20-1D59-4746-A099-1B7C227D79E5}.Debug|Any CPU.ActiveCfg = Debug|Any CPU
		{44ACAD20-1D59-4746-A099-1B7C227D79E5}.Release|Any CPU.ActiveCfg = Release|Any CPU
	EndGlobalSection
	GlobalSection(SolutionProperties) = preSolution
		HideSolutionNode = FALSE
	EndGlobalSection
	GlobalSection(ExtensibilityGlobals) = postSolution
		SolutionGuid = {2B7C4683-E499-418E-9469-7D582ABD71C1}
	EndGlobalSection
EndGlobal
